<?xml version="1.0" encoding="utf-8"?>
<Project ToolsVersion="4.0" xmlns="http://schemas.microsoft.com/developer/msbuild/2003">
  <ItemGroup>
    <Filter Include="源文件">
      <UniqueIdentifier>{4FC737F1-C7A5-4376-A066-2A32D752A2FF}</UniqueIdentifier>
      <Extensions>cpp;c;cc;cxx;def;odl;idl;hpj;bat;asm;asmx</Extensions>
    </Filter>
    <Filter Include="头文件">
      <UniqueIdentifier>{93995380-89BD-4b04-88EB-625FBE52EBFB}</UniqueIdentifier>
      <Extensions>h;hpp;hxx;hm;inl;inc;xsd</Extensions>
    </Filter>
    <Filter Include="资源文件">
      <UniqueIdentifier>{67DA6AB6-F800-4c08-8B7A-83BB121AAD01}</UniqueIdentifier>
      <Extensions>rc;ico;cur;bmp;dlg;rc2;rct;bin;rgs;gif;jpg;jpeg;jpe;resx;tiff;tif;png;wav;mfcribbon-ms</Extensions>
    </Filter>
    <Filter Include="头文件\miniupnpc">
      <UniqueIdentifier>{660048b2-108e-4423-9628-de1f982afdf8}</UniqueIdentifier>
    </Filter>
    <Filter Include="源文件\miniupnpc">
      <UniqueIdentifier>{720f581b-2e1a-4b29-bcc1-3d5cdff3647a}</UniqueIdentifier>
    </Filter>
  </ItemGroup>
  <ItemGroup>
    <None Include="ReadMe.txt" />
    <None Include="res\IPCamGenius.rc2">
      <Filter>资源文件</Filter>
    </None>
    <None Include="res\IPCamGenius.ico">
      <Filter>资源文件</Filter>
    </None>
    <None Include="res\img_link.bmp">
      <Filter>资源文件</Filter>
    </None>
  </ItemGroup>
  <ItemGroup>
    <ClInclude Include="IPCamGenius.h">
      <Filter>头文件</Filter>
    </ClInclude>
    <ClInclude Include="IPCamGeniusDlg.h">
      <Filter>头文件</Filter>
    </ClInclude>
    <ClInclude Include="stdafx.h">
      <Filter>头文件</Filter>
    </ClInclude>
    <ClInclude Include="targetver.h">
      <Filter>头文件</Filter>
    </ClInclude>
    <ClInclude Include="Resource.h">
      <Filter>头文件</Filter>
    </ClInclude>
    <ClInclude Include="supplementary.h">
      <Filter>头文件</Filter>
    </ClInclude>
    <ClInclude Include="thread_functions.h">
      <Filter>头文件</Filter>
    </ClInclude>
    <ClInclude Include="CameraAdapter.h">
      <Filter>头文件</Filter>
    </ClInclude>
    <ClInclude Include="network.h">
      <Filter>头文件</Filter>
    </ClInclude>
    <ClInclude Include="CameraAdapterH.h">
      <Filter>头文件</Filter>
    </ClInclude>
    <ClInclude Include="Gateway.h">
      <Filter>头文件</Filter>
    </ClInclude>
    <ClInclude Include="NetworkController.h">
      <Filter>头文件</Filter>
    </ClInclude>
    <ClInclude Include="Mutex.h">
      <Filter>头文件</Filter>
    </ClInclude>
    <ClInclude Include="WIFIListDlg.h">
      <Filter>头文件</Filter>
    </ClInclude>
    <ClInclude Include="Authorization.h">
      <Filter>头文件</Filter>
    </ClInclude>
    <ClInclude Include="base64.h">
      <Filter>头文件</Filter>
    </ClInclude>
    <ClInclude Include="ProgressDialog.h">
      <Filter>头文件</Filter>
    </ClInclude>
    <ClInclude Include="UPnPMap.h">
      <Filter>头文件</Filter>
    </ClInclude>
    <ClInclude Include="RadioUPnPMapDialog.h">
      <Filter>头文件</Filter>
    </ClInclude>
    <ClInclude Include="WIFIAuthDlg.h">
      <Filter>头文件</Filter>
    </ClInclude>
    <ClInclude Include="CameraAdapterF.h">
      <Filter>头文件</Filter>
    </ClInclude>
    <ClInclude Include="NetworkSettingDlg.h">
      <Filter>头文件</Filter>
    </ClInclude>
    <ClInclude Include="upnp\bsdqueue.h">
      <Filter>头文件\miniupnpc</Filter>
    </ClInclude>
    <ClInclude Include="upnp\codelength.h">
      <Filter>头文件\miniupnpc</Filter>
    </ClInclude>
    <ClInclude Include="upnp\connecthostport.h">
      <Filter>头文件\miniupnpc</Filter>
    </ClInclude>
    <ClInclude Include="upnp\declspec.h">
      <Filter>头文件\miniupnpc</Filter>
    </ClInclude>
    <ClInclude Include="upnp\igd_desc_parse.h">
      <Filter>头文件\miniupnpc</Filter>
    </ClInclude>
    <ClInclude Include="upnp\minisoap.h">
      <Filter>头文件\miniupnpc</Filter>
    </ClInclude>
    <ClInclude Include="upnp\minissdpc.h">
      <Filter>头文件\miniupnpc</Filter>
    </ClInclude>
    <ClInclude Include="upnp\miniupnpc.h">
      <Filter>头文件\miniupnpc</Filter>
    </ClInclude>
    <ClInclude Include="upnp\miniupnpcstrings.h">
      <Filter>头文件\miniupnpc</Filter>
    </ClInclude>
    <ClInclude Include="upnp\miniupnpctypes.h">
      <Filter>头文件\miniupnpc</Filter>
    </ClInclude>
    <ClInclude Include="upnp\miniwget.h">
      <Filter>头文件\miniupnpc</Filter>
    </ClInclude>
    <ClInclude Include="upnp\minixml.h">
      <Filter>头文件\miniupnpc</Filter>
    </ClInclude>
    <ClInclude Include="upnp\portlistingparse.h">
      <Filter>头文件\miniupnpc</Filter>
    </ClInclude>
    <ClInclude Include="upnp\receivedata.h">
      <Filter>头文件\miniupnpc</Filter>
    </ClInclude>
    <ClInclude Include="upnp\upnpcommands.h">
      <Filter>头文件\miniupnpc</Filter>
    </ClInclude>
    <ClInclude Include="upnp\upnperrors.h">
      <Filter>头文件\miniupnpc</Filter>
    </ClInclude>
    <ClInclude Include="upnp\upnpreplyparse.h">
      <Filter>头文件\miniupnpc</Filter>
    </ClInclude>
  </ItemGroup>
  <ItemGroup>
    <ClCompile Include="IPCamGenius.cpp">
      <Filter>源文件</Filter>
    </ClCompile>
    <ClCompile Include="IPCamGeniusDlg.cpp">
      <Filter>源文件</Filter>
    </ClCompile>
    <ClCompile Include="stdafx.cpp">
      <Filter>源文件</Filter>
    </ClCompile>
    <ClCompile Include="supplementary.cpp">
      <Filter>源文件</Filter>
    </ClCompile>
    <ClCompile Include="thread_functions.cpp">
      <Filter>源文件</Filter>
    </ClCompile>
    <ClCompile Include="network.cpp">
      <Filter>源文件</Filter>
    </ClCompile>
    <ClCompile Include="Gateway.cpp">
      <Filter>源文件</Filter>
    </ClCompile>
    <ClCompile Include="CameraAdapterH.cpp">
      <Filter>源文件</Filter>
    </ClCompile>
    <ClCompile Include="NetworkController.cpp">
      <Filter>源文件</Filter>
    </ClCompile>
    <ClCompile Include="Mutex.cpp">
      <Filter>源文件</Filter>
    </ClCompile>
    <ClCompile Include="WIFIListDlg.cpp">
      <Filter>源文件</Filter>
    </ClCompile>
    <ClCompile Include="Authorization.cpp">
      <Filter>源文件</Filter>
    </ClCompile>
    <ClCompile Include="base64.cpp">
      <Filter>源文件</Filter>
    </ClCompile>
    <ClCompile Include="ProgressDialog.cpp">
      <Filter>源文件</Filter>
    </ClCompile>
    <ClCompile Include="UPnPMap.cpp">
      <Filter>源文件</Filter>
    </ClCompile>
    <ClCompile Include="RadioUPnPMapDialog.cpp">
      <Filter>源文件</Filter>
    </ClCompile>
    <ClCompile Include="WIFIAuthDlg.cpp">
      <Filter>源文件</Filter>
    </ClCompile>
    <ClCompile Include="CameraAdapterF.cpp">
      <Filter>源文件</Filter>
    </ClCompile>
    <ClCompile Include="NetworkSettingDlg.cpp">
      <Filter>源文件</Filter>
    </ClCompile>
    <ClCompile Include="upnp\connecthostport.cpp">
      <Filter>源文件\miniupnpc</Filter>
    </ClCompile>
    <ClCompile Include="upnp\igd_desc_parse.cpp">
      <Filter>源文件\miniupnpc</Filter>
    </ClCompile>
    <ClCompile Include="upnp\minisoap.cpp">
      <Filter>源文件\miniupnpc</Filter>
    </ClCompile>
    <ClCompile Include="upnp\miniupnpc.cpp">
      <Filter>源文件\miniupnpc</Filter>
    </ClCompile>
    <ClCompile Include="upnp\miniwget.cpp">
      <Filter>源文件\miniupnpc</Filter>
    </ClCompile>
    <ClCompile Include="upnp\minixml.cpp">
      <Filter>源文件\miniupnpc</Filter>
    </ClCompile>
    <ClCompile Include="upnp\portlistingparse.cpp">
      <Filter>源文件\miniupnpc</Filter>
    </ClCompile>
    <ClCompile Include="upnp\receivedata.cpp">
      <Filter>源文件\miniupnpc</Filter>
    </ClCompile>
    <ClCompile Include="upnp\upnpcommands.cpp">
      <Filter>源文件\miniupnpc</Filter>
    </ClCompile>
    <ClCompile Include="upnp\upnperrors.cpp">
      <Filter>源文件\miniupnpc</Filter>
    </ClCompile>
    <ClCompile Include="upnp\upnpreplyparse.cpp">
      <Filter>源文件\miniupnpc</Filter>
    </ClCompile>
  </ItemGroup>
  <ItemGroup>
    <ResourceCompile Include="IPCamGenius.rc">
      <Filter>资源文件</Filter>
    </ResourceCompile>
  </ItemGroup>
</Project>